
Microsoft Visual Studio Solution File, Format Version 12.00
# Visual Studio 15
VisualStudioVersion = 15.0.27703.2026
MinimumVisualStudioVersion = 10.0.40219.1
Project("{FAE04EC0-301F-11D3-BF4B-00C04F79EFBC}") = "WebApplication1", "WebApplication1\WebApplication1.csproj", "{582CC21F-3268-4E05-AAD4-FCC7F5B8E684}"
EndProject
Global
	GlobalSection(SolutionConfigurationPlatforms) = preSolution
		Debug|Any CPU = Debug|Any CPU
		Release|Any CPU = Release|Any CPU
	EndGlobalSection
	GlobalSection(ProjectConfigurationPlatforms) = postSolution
		{582CC21F-3268-4E05-AAD4-FCC7F5B8E684}.Debug|Any CPU.ActiveCfg = Debug|Any CPU
		{582CC21F-3268-4E05-AAD4-FCC7F5B8E684}.Debug|Any CPU.Build.0 = Debug|Any CPU
		{582CC21F-3268-4E05-AAD4-FCC7F5B8E684}.Release|Any CPU.ActiveCfg = Release|Any CPU
		{582CC21F-3268-4E05-AAD4-FCC7F5B8E684}.Release|Any CPU.Build.0 = Release|Any CPU
	EndGlobalSection
	GlobalSection(SolutionProperties) = preSolution
		HideSolutionNode = FALSE
	EndGlobalSection
	GlobalSection(ExtensibilityGlobals) = postSolution
		SolutionGuid = {61C30CE2-052C-4997-84BB-DD3454E457BF}
	EndGlobalSection
EndGlobal
